// !$*UTF8*$!
{
	archiveVersion = 1;
	classes = {
	};
	objectVersion = 55;
	objects = {

/* Begin PBXBuildFile section */
		02F6936BD8623ADA5D67B4F0 /* Pods_hack_challenge.framework in Frameworks */ = {isa = PBXBuildFile; fileRef = 015176B8373A9F7CC8EB4AEE /* Pods_hack_challenge.framework */; };
		5F7D9978293557C100427B81 /* PostCollectionViewCell.swift in Sources */ = {isa = PBXBuildFile; fileRef = 5F7D9977293557C100427B81 /* PostCollectionViewCell.swift */; };
		5FB0D6F32927C93600EC8018 /* Profile.swift in Sources */ = {isa = PBXBuildFile; fileRef = 5FB0D6F22927C93600EC8018 /* Profile.swift */; };
		5FB0D6F52927CB3700EC8018 /* Post.swift in Sources */ = {isa = PBXBuildFile; fileRef = 5FB0D6F42927CB3700EC8018 /* Post.swift */; };
		5FB0D6F72927CC6200EC8018 /* Comment.swift in Sources */ = {isa = PBXBuildFile; fileRef = 5FB0D6F62927CC6200EC8018 /* Comment.swift */; };
		5FB0D6F9292AE0EE00EC8018 /* ExploreViewController.swift in Sources */ = {isa = PBXBuildFile; fileRef = 5FB0D6F8292AE0EE00EC8018 /* ExploreViewController.swift */; };
		5FB0D6FB292AE11F00EC8018 /* SearchViewController.swift in Sources */ = {isa = PBXBuildFile; fileRef = 5FB0D6FA292AE11F00EC8018 /* SearchViewController.swift */; };
		5FB0D6FD292AE69400EC8018 /* PersonalProfileViewController.swift in Sources */ = {isa = PBXBuildFile; fileRef = 5FB0D6FC292AE69400EC8018 /* PersonalProfileViewController.swift */; };
		5FB0D6FF292AE74300EC8018 /* CalenderPushViewController.swift in Sources */ = {isa = PBXBuildFile; fileRef = 5FB0D6FE292AE74300EC8018 /* CalenderPushViewController.swift */; };
		5FB0D701292AE7B000EC8018 /* PersonalPostPushViewController.swift in Sources */ = {isa = PBXBuildFile; fileRef = 5FB0D700292AE7B000EC8018 /* PersonalPostPushViewController.swift */; };
		5FB0D703292AEA1F00EC8018 /* EditProfilePushViewController.swift in Sources */ = {isa = PBXBuildFile; fileRef = 5FB0D702292AEA1F00EC8018 /* EditProfilePushViewController.swift */; };
		5FB0D705292AEA8D00EC8018 /* PostSearchPushViewController.swift in Sources */ = {isa = PBXBuildFile; fileRef = 5FB0D704292AEA8D00EC8018 /* PostSearchPushViewController.swift */; };
		5FB0D707292AEAEC00EC8018 /* ProfileSearchPushViewController.swift in Sources */ = {isa = PBXBuildFile; fileRef = 5FB0D706292AEAEC00EC8018 /* ProfileSearchPushViewController.swift */; };
		5FB0D709292AEB3E00EC8018 /* CoursesSearchPushViewController.swift in Sources */ = {isa = PBXBuildFile; fileRef = 5FB0D708292AEB3E00EC8018 /* CoursesSearchPushViewController.swift */; };
		5FB0D70B292AECC500EC8018 /* PostPushViewController.swift in Sources */ = {isa = PBXBuildFile; fileRef = 5FB0D70A292AECC500EC8018 /* PostPushViewController.swift */; };
		5FB0D70D292AED2000EC8018 /* ProfilePushViewController.swift in Sources */ = {isa = PBXBuildFile; fileRef = 5FB0D70C292AED2000EC8018 /* ProfilePushViewController.swift */; };
		60BB230F293400810033CD1B /* CourseCollectionViewCell.swift in Sources */ = {isa = PBXBuildFile; fileRef = 60BB230E293400810033CD1B /* CourseCollectionViewCell.swift */; };
		60BB2311293401050033CD1B /* ProfileTableViewCell.swift in Sources */ = {isa = PBXBuildFile; fileRef = 60BB2310293401050033CD1B /* ProfileTableViewCell.swift */; };
		60BB2313293415050033CD1B /* ProfileCollectionViewCell.swift in Sources */ = {isa = PBXBuildFile; fileRef = 60BB2312293415050033CD1B /* ProfileCollectionViewCell.swift */; };
		60D336F529347114009C6E73 /* FriendsCollectionViewCell.swift in Sources */ = {isa = PBXBuildFile; fileRef = 60D336F429347114009C6E73 /* FriendsCollectionViewCell.swift */; };
		60D3370129357842009C6E73 /* PostsCollectionViewCell.swift in Sources */ = {isa = PBXBuildFile; fileRef = 60D3370029357842009C6E73 /* PostsCollectionViewCell.swift */; };
		EC336E9C29248F5B00520624 /* AppDelegate.swift in Sources */ = {isa = PBXBuildFile; fileRef = EC336E9B29248F5B00520624 /* AppDelegate.swift */; };
		EC336E9E29248F5B00520624 /* SceneDelegate.swift in Sources */ = {isa = PBXBuildFile; fileRef = EC336E9D29248F5B00520624 /* SceneDelegate.swift */; };
		EC336EA029248F5B00520624 /* ViewController.swift in Sources */ = {isa = PBXBuildFile; fileRef = EC336E9F29248F5B00520624 /* ViewController.swift */; };
		EC336EA529248F5D00520624 /* Assets.xcassets in Resources */ = {isa = PBXBuildFile; fileRef = EC336EA429248F5D00520624 /* Assets.xcassets */; };
		EC336EA829248F5D00520624 /* LaunchScreen.storyboard in Resources */ = {isa = PBXBuildFile; fileRef = EC336EA629248F5D00520624 /* LaunchScreen.storyboard */; };
		EC5213602932BB8E0029A754 /* ClassesCartViewController.swift in Sources */ = {isa = PBXBuildFile; fileRef = EC52135F2932BB8E0029A754 /* ClassesCartViewController.swift */; };
		EC5213622932CF670029A754 /* MakeProfileViewController.swift in Sources */ = {isa = PBXBuildFile; fileRef = EC5213612932CF670029A754 /* MakeProfileViewController.swift */; };
		EC5213642932D0890029A754 /* SetProfilePictureViewController.swift in Sources */ = {isa = PBXBuildFile; fileRef = EC5213632932D0890029A754 /* SetProfilePictureViewController.swift */; };
		EC5213662932FB900029A754 /* SetProfileInfoViewController.swift in Sources */ = {isa = PBXBuildFile; fileRef = EC5213652932FB900029A754 /* SetProfileInfoViewController.swift */; };
		EC65B07C292C598600D04BA0 /* CreateUsernamePasswordViewController.swift in Sources */ = {isa = PBXBuildFile; fileRef = EC65B07B292C598600D04BA0 /* CreateUsernamePasswordViewController.swift */; };
		EC65B07E292C59C100D04BA0 /* LogInUsernamePasswordViewController.swift in Sources */ = {isa = PBXBuildFile; fileRef = EC65B07D292C59C100D04BA0 /* LogInUsernamePasswordViewController.swift */; };
		EC65B084292EB78700D04BA0 /* PasswordTextField.swift in Sources */ = {isa = PBXBuildFile; fileRef = EC65B083292EB78700D04BA0 /* PasswordTextField.swift */; };
		EC65B086292EBB8300D04BA0 /* UsernameTextField.swift in Sources */ = {isa = PBXBuildFile; fileRef = EC65B085292EBB8300D04BA0 /* UsernameTextField.swift */; };
		EC65B089292F017C00D04BA0 /* EnterClassesViewController.swift in Sources */ = {isa = PBXBuildFile; fileRef = EC65B088292F017C00D04BA0 /* EnterClassesViewController.swift */; };
		EC65B08B292F0A7F00D04BA0 /* NetworkManager.swift in Sources */ = {isa = PBXBuildFile; fileRef = EC65B08A292F0A7F00D04BA0 /* NetworkManager.swift */; };
		EC65B08D29302B3E00D04BA0 /* AddClassesViewController.swift in Sources */ = {isa = PBXBuildFile; fileRef = EC65B08C29302B3E00D04BA0 /* AddClassesViewController.swift */; };
		EC65B08F293084D800D04BA0 /* Class.swift in Sources */ = {isa = PBXBuildFile; fileRef = EC65B08E293084D800D04BA0 /* Class.swift */; };
		EC65B09129310BF200D04BA0 /* ClassesTableViewCell.swift in Sources */ = {isa = PBXBuildFile; fileRef = EC65B09029310BF200D04BA0 /* ClassesTableViewCell.swift */; };
		ECA3F3DE2933DBFD004EDAE0 /* ChangeProfilePicViewController.swift in Sources */ = {isa = PBXBuildFile; fileRef = ECA3F3DD2933DBFD004EDAE0 /* ChangeProfilePicViewController.swift */; };
/* End PBXBuildFile section */

/* Begin PBXFileReference section */
		015176B8373A9F7CC8EB4AEE /* Pods_hack_challenge.framework */ = {isa = PBXFileReference; explicitFileType = wrapper.framework; includeInIndex = 0; path = Pods_hack_challenge.framework; sourceTree = BUILT_PRODUCTS_DIR; };
		5F7D9977293557C100427B81 /* PostCollectionViewCell.swift */ = {isa = PBXFileReference; lastKnownFileType = sourcecode.swift; path = PostCollectionViewCell.swift; sourceTree = "<group>"; };
		5FB0D6F22927C93600EC8018 /* Profile.swift */ = {isa = PBXFileReference; lastKnownFileType = sourcecode.swift; path = Profile.swift; sourceTree = "<group>"; };
		5FB0D6F42927CB3700EC8018 /* Post.swift */ = {isa = PBXFileReference; lastKnownFileType = sourcecode.swift; path = Post.swift; sourceTree = "<group>"; };
		5FB0D6F62927CC6200EC8018 /* Comment.swift */ = {isa = PBXFileReference; lastKnownFileType = sourcecode.swift; path = Comment.swift; sourceTree = "<group>"; };
		5FB0D6F8292AE0EE00EC8018 /* ExploreViewController.swift */ = {isa = PBXFileReference; lastKnownFileType = sourcecode.swift; path = ExploreViewController.swift; sourceTree = "<group>"; };
		5FB0D6FA292AE11F00EC8018 /* SearchViewController.swift */ = {isa = PBXFileReference; lastKnownFileType = sourcecode.swift; path = SearchViewController.swift; sourceTree = "<group>"; };
		5FB0D6FC292AE69400EC8018 /* PersonalProfileViewController.swift */ = {isa = PBXFileReference; lastKnownFileType = sourcecode.swift; path = PersonalProfileViewController.swift; sourceTree = "<group>"; };
		5FB0D6FE292AE74300EC8018 /* CalenderPushViewController.swift */ = {isa = PBXFileReference; lastKnownFileType = sourcecode.swift; path = CalenderPushViewController.swift; sourceTree = "<group>"; };
		5FB0D700292AE7B000EC8018 /* PersonalPostPushViewController.swift */ = {isa = PBXFileReference; lastKnownFileType = sourcecode.swift; path = PersonalPostPushViewController.swift; sourceTree = "<group>"; };
		5FB0D702292AEA1F00EC8018 /* EditProfilePushViewController.swift */ = {isa = PBXFileReference; lastKnownFileType = sourcecode.swift; path = EditProfilePushViewController.swift; sourceTree = "<group>"; };
		5FB0D704292AEA8D00EC8018 /* PostSearchPushViewController.swift */ = {isa = PBXFileReference; lastKnownFileType = sourcecode.swift; path = PostSearchPushViewController.swift; sourceTree = "<group>"; };
		5FB0D706292AEAEC00EC8018 /* ProfileSearchPushViewController.swift */ = {isa = PBXFileReference; lastKnownFileType = sourcecode.swift; path = ProfileSearchPushViewController.swift; sourceTree = "<group>"; };
		5FB0D708292AEB3E00EC8018 /* CoursesSearchPushViewController.swift */ = {isa = PBXFileReference; lastKnownFileType = sourcecode.swift; path = CoursesSearchPushViewController.swift; sourceTree = "<group>"; };
		5FB0D70A292AECC500EC8018 /* PostPushViewController.swift */ = {isa = PBXFileReference; lastKnownFileType = sourcecode.swift; path = PostPushViewController.swift; sourceTree = "<group>"; };
		5FB0D70C292AED2000EC8018 /* ProfilePushViewController.swift */ = {isa = PBXFileReference; lastKnownFileType = sourcecode.swift; path = ProfilePushViewController.swift; sourceTree = "<group>"; };
		60BB230E293400810033CD1B /* CourseCollectionViewCell.swift */ = {isa = PBXFileReference; lastKnownFileType = sourcecode.swift; path = CourseCollectionViewCell.swift; sourceTree = "<group>"; };
		60BB2310293401050033CD1B /* ProfileTableViewCell.swift */ = {isa = PBXFileReference; lastKnownFileType = sourcecode.swift; path = ProfileTableViewCell.swift; sourceTree = "<group>"; };
		60BB2312293415050033CD1B /* ProfileCollectionViewCell.swift */ = {isa = PBXFileReference; lastKnownFileType = sourcecode.swift; path = ProfileCollectionViewCell.swift; sourceTree = "<group>"; };
		60D336F429347114009C6E73 /* FriendsCollectionViewCell.swift */ = {isa = PBXFileReference; lastKnownFileType = sourcecode.swift; path = FriendsCollectionViewCell.swift; sourceTree = "<group>"; };
		60D3370029357842009C6E73 /* PostsCollectionViewCell.swift */ = {isa = PBXFileReference; lastKnownFileType = sourcecode.swift; path = PostsCollectionViewCell.swift; sourceTree = "<group>"; };
		754C4AF2060ED296A409E9B9 /* Pods-hack_challenge.debug.xcconfig */ = {isa = PBXFileReference; includeInIndex = 1; lastKnownFileType = text.xcconfig; name = "Pods-hack_challenge.debug.xcconfig"; path = "Target Support Files/Pods-hack_challenge/Pods-hack_challenge.debug.xcconfig"; sourceTree = "<group>"; };
		7EED149C9A87723D975C21FD /* Pods-hack_challenge.release.xcconfig */ = {isa = PBXFileReference; includeInIndex = 1; lastKnownFileType = text.xcconfig; name = "Pods-hack_challenge.release.xcconfig"; path = "Target Support Files/Pods-hack_challenge/Pods-hack_challenge.release.xcconfig"; sourceTree = "<group>"; };
		EC336E9829248F5B00520624 /* hack_challenge.app */ = {isa = PBXFileReference; explicitFileType = wrapper.application; includeInIndex = 0; path = hack_challenge.app; sourceTree = BUILT_PRODUCTS_DIR; };
		EC336E9B29248F5B00520624 /* AppDelegate.swift */ = {isa = PBXFileReference; lastKnownFileType = sourcecode.swift; path = AppDelegate.swift; sourceTree = "<group>"; };
		EC336E9D29248F5B00520624 /* SceneDelegate.swift */ = {isa = PBXFileReference; lastKnownFileType = sourcecode.swift; path = SceneDelegate.swift; sourceTree = "<group>"; };
		EC336E9F29248F5B00520624 /* ViewController.swift */ = {isa = PBXFileReference; lastKnownFileType = sourcecode.swift; path = ViewController.swift; sourceTree = "<group>"; };
		EC336EA429248F5D00520624 /* Assets.xcassets */ = {isa = PBXFileReference; lastKnownFileType = folder.assetcatalog; path = Assets.xcassets; sourceTree = "<group>"; };
		EC336EA729248F5D00520624 /* Base */ = {isa = PBXFileReference; lastKnownFileType = file.storyboard; name = Base; path = Base.lproj/LaunchScreen.storyboard; sourceTree = "<group>"; };
		EC336EA929248F5D00520624 /* Info.plist */ = {isa = PBXFileReference; lastKnownFileType = text.plist.xml; path = Info.plist; sourceTree = "<group>"; };
		EC52135F2932BB8E0029A754 /* ClassesCartViewController.swift */ = {isa = PBXFileReference; lastKnownFileType = sourcecode.swift; path = ClassesCartViewController.swift; sourceTree = "<group>"; };
		EC5213612932CF670029A754 /* MakeProfileViewController.swift */ = {isa = PBXFileReference; lastKnownFileType = sourcecode.swift; path = MakeProfileViewController.swift; sourceTree = "<group>"; };
		EC5213632932D0890029A754 /* SetProfilePictureViewController.swift */ = {isa = PBXFileReference; lastKnownFileType = sourcecode.swift; path = SetProfilePictureViewController.swift; sourceTree = "<group>"; };
		EC5213652932FB900029A754 /* SetProfileInfoViewController.swift */ = {isa = PBXFileReference; lastKnownFileType = sourcecode.swift; path = SetProfileInfoViewController.swift; sourceTree = "<group>"; };
		EC65B07B292C598600D04BA0 /* CreateUsernamePasswordViewController.swift */ = {isa = PBXFileReference; lastKnownFileType = sourcecode.swift; path = CreateUsernamePasswordViewController.swift; sourceTree = "<group>"; };
		EC65B07D292C59C100D04BA0 /* LogInUsernamePasswordViewController.swift */ = {isa = PBXFileReference; lastKnownFileType = sourcecode.swift; path = LogInUsernamePasswordViewController.swift; sourceTree = "<group>"; };
		EC65B082292C60DE00D04BA0 /* Alteron-OV9no.otf */ = {isa = PBXFileReference; lastKnownFileType = file; path = "Alteron-OV9no.otf"; sourceTree = "<group>"; };
		EC65B083292EB78700D04BA0 /* PasswordTextField.swift */ = {isa = PBXFileReference; lastKnownFileType = sourcecode.swift; path = PasswordTextField.swift; sourceTree = "<group>"; };
		EC65B085292EBB8300D04BA0 /* UsernameTextField.swift */ = {isa = PBXFileReference; lastKnownFileType = sourcecode.swift; path = UsernameTextField.swift; sourceTree = "<group>"; };
		EC65B088292F017C00D04BA0 /* EnterClassesViewController.swift */ = {isa = PBXFileReference; lastKnownFileType = sourcecode.swift; path = EnterClassesViewController.swift; sourceTree = "<group>"; };
		EC65B08A292F0A7F00D04BA0 /* NetworkManager.swift */ = {isa = PBXFileReference; lastKnownFileType = sourcecode.swift; path = NetworkManager.swift; sourceTree = "<group>"; };
		EC65B08C29302B3E00D04BA0 /* AddClassesViewController.swift */ = {isa = PBXFileReference; lastKnownFileType = sourcecode.swift; path = AddClassesViewController.swift; sourceTree = "<group>"; };
		EC65B08E293084D800D04BA0 /* Class.swift */ = {isa = PBXFileReference; lastKnownFileType = sourcecode.swift; path = Class.swift; sourceTree = "<group>"; };
		EC65B09029310BF200D04BA0 /* ClassesTableViewCell.swift */ = {isa = PBXFileReference; lastKnownFileType = sourcecode.swift; path = ClassesTableViewCell.swift; sourceTree = "<group>"; };
		ECA3F3DD2933DBFD004EDAE0 /* ChangeProfilePicViewController.swift */ = {isa = PBXFileReference; lastKnownFileType = sourcecode.swift; path = ChangeProfilePicViewController.swift; sourceTree = "<group>"; };
/* End PBXFileReference section */

/* Begin PBXFrameworksBuildPhase section */
		EC336E9529248F5A00520624 /* Frameworks */ = {
			isa = PBXFrameworksBuildPhase;
			buildActionMask = 2147483647;
			files = (
				02F6936BD8623ADA5D67B4F0 /* Pods_hack_challenge.framework in Frameworks */,
			);
			runOnlyForDeploymentPostprocessing = 0;
		};
/* End PBXFrameworksBuildPhase section */

/* Begin PBXGroup section */
		0D68630CFE23C2952B88C678 /* Frameworks */ = {
			isa = PBXGroup;
			children = (
				015176B8373A9F7CC8EB4AEE /* Pods_hack_challenge.framework */,
			);
			name = Frameworks;
			sourceTree = "<group>";
		};
		9DCD31B00D98A9DDC201876A /* Pods */ = {
			isa = PBXGroup;
			children = (
				754C4AF2060ED296A409E9B9 /* Pods-hack_challenge.debug.xcconfig */,
				7EED149C9A87723D975C21FD /* Pods-hack_challenge.release.xcconfig */,
			);
			path = Pods;
			sourceTree = "<group>";
		};
		EC336E8F29248F5A00520624 = {
			isa = PBXGroup;
			children = (
				EC336E9A29248F5B00520624 /* hack_challenge */,
				EC336E9929248F5B00520624 /* Products */,
				9DCD31B00D98A9DDC201876A /* Pods */,
				0D68630CFE23C2952B88C678 /* Frameworks */,
			);
			sourceTree = "<group>";
		};
		EC336E9929248F5B00520624 /* Products */ = {
			isa = PBXGroup;
			children = (
				EC336E9829248F5B00520624 /* hack_challenge.app */,
			);
			name = Products;
			sourceTree = "<group>";
		};
		EC336E9A29248F5B00520624 /* hack_challenge */ = {
			isa = PBXGroup;
			children = (
				EC65B081292C60D100D04BA0 /* Fonts */,
				EC336E9B29248F5B00520624 /* AppDelegate.swift */,
				5FB0D6F22927C93600EC8018 /* Profile.swift */,
				5FB0D6F42927CB3700EC8018 /* Post.swift */,
				5FB0D6F62927CC6200EC8018 /* Comment.swift */,
				EC336E9D29248F5B00520624 /* SceneDelegate.swift */,
				EC336E9F29248F5B00520624 /* ViewController.swift */,
				EC65B07B292C598600D04BA0 /* CreateUsernamePasswordViewController.swift */,
				EC65B088292F017C00D04BA0 /* EnterClassesViewController.swift */,
				EC5213612932CF670029A754 /* MakeProfileViewController.swift */,
				EC5213632932D0890029A754 /* SetProfilePictureViewController.swift */,
				EC65B08C29302B3E00D04BA0 /* AddClassesViewController.swift */,
				ECA3F3DD2933DBFD004EDAE0 /* ChangeProfilePicViewController.swift */,
				EC52135F2932BB8E0029A754 /* ClassesCartViewController.swift */,
				EC5213652932FB900029A754 /* SetProfileInfoViewController.swift */,
				EC65B09029310BF200D04BA0 /* ClassesTableViewCell.swift */,
				EC65B083292EB78700D04BA0 /* PasswordTextField.swift */,
				EC65B085292EBB8300D04BA0 /* UsernameTextField.swift */,
				EC65B07D292C59C100D04BA0 /* LogInUsernamePasswordViewController.swift */,
				EC65B08A292F0A7F00D04BA0 /* NetworkManager.swift */,
				EC65B08E293084D800D04BA0 /* Class.swift */,
				5FB0D6F8292AE0EE00EC8018 /* ExploreViewController.swift */,
				5FB0D6FA292AE11F00EC8018 /* SearchViewController.swift */,
				5FB0D704292AEA8D00EC8018 /* PostSearchPushViewController.swift */,
				5FB0D706292AEAEC00EC8018 /* ProfileSearchPushViewController.swift */,
				5FB0D708292AEB3E00EC8018 /* CoursesSearchPushViewController.swift */,
				5FB0D70A292AECC500EC8018 /* PostPushViewController.swift */,
				5FB0D70C292AED2000EC8018 /* ProfilePushViewController.swift */,
				5FB0D6FC292AE69400EC8018 /* PersonalProfileViewController.swift */,
				5FB0D6FE292AE74300EC8018 /* CalenderPushViewController.swift */,
				5FB0D700292AE7B000EC8018 /* PersonalPostPushViewController.swift */,
				5FB0D702292AEA1F00EC8018 /* EditProfilePushViewController.swift */,
				EC336EA429248F5D00520624 /* Assets.xcassets */,
				EC336EA629248F5D00520624 /* LaunchScreen.storyboard */,
				EC336EA929248F5D00520624 /* Info.plist */,
				5F7D9977293557C100427B81 /* PostCollectionViewCell.swift */,
				60BB230E293400810033CD1B /* CourseCollectionViewCell.swift */,
				60BB2310293401050033CD1B /* ProfileTableViewCell.swift */,
				60BB2312293415050033CD1B /* ProfileCollectionViewCell.swift */,
				60D336F429347114009C6E73 /* FriendsCollectionViewCell.swift */,
				60D3370029357842009C6E73 /* PostsCollectionViewCell.swift */,
			);
			path = hack_challenge;
			sourceTree = "<group>";
		};
		EC65B081292C60D100D04BA0 /* Fonts */ = {
			isa = PBXGroup;
			children = (
				EC65B082292C60DE00D04BA0 /* Alteron-OV9no.otf */,
			);
			path = Fonts;
			sourceTree = "<group>";
		};
/* End PBXGroup section */

/* Begin PBXNativeTarget section */
		EC336E9729248F5A00520624 /* hack_challenge */ = {
			isa = PBXNativeTarget;
			buildConfigurationList = EC336EAC29248F5D00520624 /* Build configuration list for PBXNativeTarget "hack_challenge" */;
			buildPhases = (
				C2FA2AE30254C23964CAB3E3 /* [CP] Check Pods Manifest.lock */,
				EC336E9429248F5A00520624 /* Sources */,
				EC336E9529248F5A00520624 /* Frameworks */,
				EC336E9629248F5A00520624 /* Resources */,
				5FB8C2C0F97048EE926B3819 /* [CP] Embed Pods Frameworks */,
			);
			buildRules = (
			);
			dependencies = (
			);
			name = hack_challenge;
			productName = hack_challenge;
			productReference = EC336E9829248F5B00520624 /* hack_challenge.app */;
			productType = "com.apple.product-type.application";
		};
/* End PBXNativeTarget section */

/* Begin PBXProject section */
		EC336E9029248F5A00520624 /* Project object */ = {
			isa = PBXProject;
			attributes = {
				BuildIndependentTargetsInParallel = 1;
				LastSwiftUpdateCheck = 1340;
				LastUpgradeCheck = 1340;
				TargetAttributes = {
					EC336E9729248F5A00520624 = {
						CreatedOnToolsVersion = 13.4.1;
					};
				};
			};
			buildConfigurationList = EC336E9329248F5A00520624 /* Build configuration list for PBXProject "hack_challenge" */;
			compatibilityVersion = "Xcode 13.0";
			developmentRegion = en;
			hasScannedForEncodings = 0;
			knownRegions = (
				en,
				Base,
			);
			mainGroup = EC336E8F29248F5A00520624;
			productRefGroup = EC336E9929248F5B00520624 /* Products */;
			projectDirPath = "";
			projectRoot = "";
			targets = (
				EC336E9729248F5A00520624 /* hack_challenge */,
			);
		};
/* End PBXProject section */

/* Begin PBXResourcesBuildPhase section */
		EC336E9629248F5A00520624 /* Resources */ = {
			isa = PBXResourcesBuildPhase;
			buildActionMask = 2147483647;
			files = (
				EC336EA829248F5D00520624 /* LaunchScreen.storyboard in Resources */,
				EC336EA529248F5D00520624 /* Assets.xcassets in Resources */,
			);
			runOnlyForDeploymentPostprocessing = 0;
		};
/* End PBXResourcesBuildPhase section */

/* Begin PBXShellScriptBuildPhase section */
		5FB8C2C0F97048EE926B3819 /* [CP] Embed Pods Frameworks */ = {
			isa = PBXShellScriptBuildPhase;
			buildActionMask = 2147483647;
			files = (
			);
			inputFileListPaths = (
				"${PODS_ROOT}/Target Support Files/Pods-hack_challenge/Pods-hack_challenge-frameworks-${CONFIGURATION}-input-files.xcfilelist",
			);
			name = "[CP] Embed Pods Frameworks";
			outputFileListPaths = (
				"${PODS_ROOT}/Target Support Files/Pods-hack_challenge/Pods-hack_challenge-frameworks-${CONFIGURATION}-output-files.xcfilelist",
			);
			runOnlyForDeploymentPostprocessing = 0;
			shellPath = /bin/sh;
			shellScript = "\"${PODS_ROOT}/Target Support Files/Pods-hack_challenge/Pods-hack_challenge-frameworks.sh\"\n";
			showEnvVarsInLog = 0;
		};
		C2FA2AE30254C23964CAB3E3 /* [CP] Check Pods Manifest.lock */ = {
			isa = PBXShellScriptBuildPhase;
			buildActionMask = 2147483647;
			files = (
			);
			inputFileListPaths = (
			);
			inputPaths = (
				"${PODS_PODFILE_DIR_PATH}/Podfile.lock",
				"${PODS_ROOT}/Manifest.lock",
			);
			name = "[CP] Check Pods Manifest.lock";
			outputFileListPaths = (
			);
			outputPaths = (
				"$(DERIVED_FILE_DIR)/Pods-hack_challenge-checkManifestLockResult.txt",
			);
			runOnlyForDeploymentPostprocessing = 0;
			shellPath = /bin/sh;
			shellScript = "diff \"${PODS_PODFILE_DIR_PATH}/Podfile.lock\" \"${PODS_ROOT}/Manifest.lock\" > /dev/null\nif [ $? != 0 ] ; then\n    # print error to STDERR\n    echo \"error: The sandbox is not in sync with the Podfile.lock. Run 'pod install' or update your CocoaPods installation.\" >&2\n    exit 1\nfi\n# This output is used by Xcode 'outputs' to avoid re-running this script phase.\necho \"SUCCESS\" > \"${SCRIPT_OUTPUT_FILE_0}\"\n";
			showEnvVarsInLog = 0;
		};
/* End PBXShellScriptBuildPhase section */

/* Begin PBXSourcesBuildPhase section */
		EC336E9429248F5A00520624 /* Sources */ = {
			isa = PBXSourcesBuildPhase;
			buildActionMask = 2147483647;
			files = (
				EC65B08B292F0A7F00D04BA0 /* NetworkManager.swift in Sources */,
				EC336EA029248F5B00520624 /* ViewController.swift in Sources */,
				60D336F529347114009C6E73 /* FriendsCollectionViewCell.swift in Sources */,
				60BB2313293415050033CD1B /* ProfileCollectionViewCell.swift in Sources */,
				EC65B09129310BF200D04BA0 /* ClassesTableViewCell.swift in Sources */,
				60BB2311293401050033CD1B /* ProfileTableViewCell.swift in Sources */,
				EC5213602932BB8E0029A754 /* ClassesCartViewController.swift in Sources */,
				EC65B07E292C59C100D04BA0 /* LogInUsernamePasswordViewController.swift in Sources */,
				5F7D9978293557C100427B81 /* PostCollectionViewCell.swift in Sources */,
				EC65B089292F017C00D04BA0 /* EnterClassesViewController.swift in Sources */,
				EC65B07C292C598600D04BA0 /* CreateUsernamePasswordViewController.swift in Sources */,
				5FB0D6F72927CC6200EC8018 /* Comment.swift in Sources */,
				EC5213622932CF670029A754 /* MakeProfileViewController.swift in Sources */,
				5FB0D6FB292AE11F00EC8018 /* SearchViewController.swift in Sources */,
				5FB0D705292AEA8D00EC8018 /* PostSearchPushViewController.swift in Sources */,
				EC5213642932D0890029A754 /* SetProfilePictureViewController.swift in Sources */,
				EC65B08F293084D800D04BA0 /* Class.swift in Sources */,
				ECA3F3DE2933DBFD004EDAE0 /* ChangeProfilePicViewController.swift in Sources */,
				5FB0D6F32927C93600EC8018 /* Profile.swift in Sources */,
				EC336E9C29248F5B00520624 /* AppDelegate.swift in Sources */,
				5FB0D701292AE7B000EC8018 /* PersonalPostPushViewController.swift in Sources */,
				60BB230F293400810033CD1B /* CourseCollectionViewCell.swift in Sources */,
				EC336E9E29248F5B00520624 /* SceneDelegate.swift in Sources */,
				EC65B084292EB78700D04BA0 /* PasswordTextField.swift in Sources */,
				EC65B086292EBB8300D04BA0 /* UsernameTextField.swift in Sources */,
				5FB0D6F9292AE0EE00EC8018 /* ExploreViewController.swift in Sources */,
				5FB0D703292AEA1F00EC8018 /* EditProfilePushViewController.swift in Sources */,
				EC5213662932FB900029A754 /* SetProfileInfoViewController.swift in Sources */,
				5FB0D70D292AED2000EC8018 /* ProfilePushViewController.swift in Sources */,
				5FB0D709292AEB3E00EC8018 /* CoursesSearchPushViewController.swift in Sources */,
				5FB0D6FD292AE69400EC8018 /* PersonalProfileViewController.swift in Sources */,
				60D3370129357842009C6E73 /* PostsCollectionViewCell.swift in Sources */,
				5FB0D70B292AECC500EC8018 /* PostPushViewController.swift in Sources */,
				5FB0D6FF292AE74300EC8018 /* CalenderPushViewController.swift in Sources */,
				5FB0D707292AEAEC00EC8018 /* ProfileSearchPushViewController.swift in Sources */,
				5FB0D6F52927CB3700EC8018 /* Post.swift in Sources */,
				EC65B08D29302B3E00D04BA0 /* AddClassesViewController.swift in Sources */,
			);
			runOnlyForDeploymentPostprocessing = 0;
		};
/* End PBXSourcesBuildPhase section */

/* Begin PBXVariantGroup section */
		EC336EA629248F5D00520624 /* LaunchScreen.storyboard */ = {
			isa = PBXVariantGroup;
			children = (
				EC336EA729248F5D00520624 /* Base */,
			);
			name = LaunchScreen.storyboard;
			sourceTree = "<group>";
		};
/* End PBXVariantGroup section */

/* Begin XCBuildConfiguration section */
		EC336EAA29248F5D00520624 /* Debug */ = {
			isa = XCBuildConfiguration;
			buildSettings = {
				ALWAYS_SEARCH_USER_PATHS = NO;
				CLANG_ANALYZER_NONNULL = YES;
				CLANG_ANALYZER_NUMBER_OBJECT_CONVERSION = YES_AGGRESSIVE;
				CLANG_CXX_LANGUAGE_STANDARD = "gnu++17";
				CLANG_ENABLE_MODULES = YES;
				CLANG_ENABLE_OBJC_ARC = YES;
				CLANG_ENABLE_OBJC_WEAK = YES;
				CLANG_WARN_BLOCK_CAPTURE_AUTORELEASING = YES;
				CLANG_WARN_BOOL_CONVERSION = YES;
				CLANG_WARN_COMMA = YES;
				CLANG_WARN_CONSTANT_CONVERSION = YES;
				CLANG_WARN_DEPRECATED_OBJC_IMPLEMENTATIONS = YES;
				CLANG_WARN_DIRECT_OBJC_ISA_USAGE = YES_ERROR;
				CLANG_WARN_DOCUMENTATION_COMMENTS = YES;
				CLANG_WARN_EMPTY_BODY = YES;
				CLANG_WARN_ENUM_CONVERSION = YES;
				CLANG_WARN_INFINITE_RECURSION = YES;
				CLANG_WARN_INT_CONVERSION = YES;
				CLANG_WARN_NON_LITERAL_NULL_CONVERSION = YES;
				CLANG_WARN_OBJC_IMPLICIT_RETAIN_SELF = YES;
				CLANG_WARN_OBJC_LITERAL_CONVERSION = YES;
				CLANG_WARN_OBJC_ROOT_CLASS = YES_ERROR;
				CLANG_WARN_QUOTED_INCLUDE_IN_FRAMEWORK_HEADER = YES;
				CLANG_WARN_RANGE_LOOP_ANALYSIS = YES;
				CLANG_WARN_STRICT_PROTOTYPES = YES;
				CLANG_WARN_SUSPICIOUS_MOVE = YES;
				CLANG_WARN_UNGUARDED_AVAILABILITY = YES_AGGRESSIVE;
				CLANG_WARN_UNREACHABLE_CODE = YES;
				CLANG_WARN__DUPLICATE_METHOD_MATCH = YES;
				COPY_PHASE_STRIP = NO;
				DEBUG_INFORMATION_FORMAT = dwarf;
				ENABLE_STRICT_OBJC_MSGSEND = YES;
				ENABLE_TESTABILITY = YES;
				GCC_C_LANGUAGE_STANDARD = gnu11;
				GCC_DYNAMIC_NO_PIC = NO;
				GCC_NO_COMMON_BLOCKS = YES;
				GCC_OPTIMIZATION_LEVEL = 0;
				GCC_PREPROCESSOR_DEFINITIONS = (
					"DEBUG=1",
					"$(inherited)",
				);
				GCC_WARN_64_TO_32_BIT_CONVERSION = YES;
				GCC_WARN_ABOUT_RETURN_TYPE = YES_ERROR;
				GCC_WARN_UNDECLARED_SELECTOR = YES;
				GCC_WARN_UNINITIALIZED_AUTOS = YES_AGGRESSIVE;
				GCC_WARN_UNUSED_FUNCTION = YES;
				GCC_WARN_UNUSED_VARIABLE = YES;
				IPHONEOS_DEPLOYMENT_TARGET = 15.5;
				MTL_ENABLE_DEBUG_INFO = INCLUDE_SOURCE;
				MTL_FAST_MATH = YES;
				ONLY_ACTIVE_ARCH = YES;
				SDKROOT = iphoneos;
				SWIFT_ACTIVE_COMPILATION_CONDITIONS = DEBUG;
				SWIFT_OPTIMIZATION_LEVEL = "-Onone";
			};
			name = Debug;
		};
		EC336EAB29248F5D00520624 /* Release */ = {
			isa = XCBuildConfiguration;
			buildSettings = {
				ALWAYS_SEARCH_USER_PATHS = NO;
				CLANG_ANALYZER_NONNULL = YES;
				CLANG_ANALYZER_NUMBER_OBJECT_CONVERSION = YES_AGGRESSIVE;
				CLANG_CXX_LANGUAGE_STANDARD = "gnu++17";
				CLANG_ENABLE_MODULES = YES;
				CLANG_ENABLE_OBJC_ARC = YES;
				CLANG_ENABLE_OBJC_WEAK = YES;
				CLANG_WARN_BLOCK_CAPTURE_AUTORELEASING = YES;
				CLANG_WARN_BOOL_CONVERSION = YES;
				CLANG_WARN_COMMA = YES;
				CLANG_WARN_CONSTANT_CONVERSION = YES;
				CLANG_WARN_DEPRECATED_OBJC_IMPLEMENTATIONS = YES;
				CLANG_WARN_DIRECT_OBJC_ISA_USAGE = YES_ERROR;
				CLANG_WARN_DOCUMENTATION_COMMENTS = YES;
				CLANG_WARN_EMPTY_BODY = YES;
				CLANG_WARN_ENUM_CONVERSION = YES;
				CLANG_WARN_INFINITE_RECURSION = YES;
				CLANG_WARN_INT_CONVERSION = YES;
				CLANG_WARN_NON_LITERAL_NULL_CONVERSION = YES;
				CLANG_WARN_OBJC_IMPLICIT_RETAIN_SELF = YES;
				CLANG_WARN_OBJC_LITERAL_CONVERSION = YES;
				CLANG_WARN_OBJC_ROOT_CLASS = YES_ERROR;
				CLANG_WARN_QUOTED_INCLUDE_IN_FRAMEWORK_HEADER = YES;
				CLANG_WARN_RANGE_LOOP_ANALYSIS = YES;
				CLANG_WARN_STRICT_PROTOTYPES = YES;
				CLANG_WARN_SUSPICIOUS_MOVE = YES;
				CLANG_WARN_UNGUARDED_AVAILABILITY = YES_AGGRESSIVE;
				CLANG_WARN_UNREACHABLE_CODE = YES;
				CLANG_WARN__DUPLICATE_METHOD_MATCH = YES;
				COPY_PHASE_STRIP = NO;
				DEBUG_INFORMATION_FORMAT = "dwarf-with-dsym";
				ENABLE_NS_ASSERTIONS = NO;
				ENABLE_STRICT_OBJC_MSGSEND = YES;
				GCC_C_LANGUAGE_STANDARD = gnu11;
				GCC_NO_COMMON_BLOCKS = YES;
				GCC_WARN_64_TO_32_BIT_CONVERSION = YES;
				GCC_WARN_ABOUT_RETURN_TYPE = YES_ERROR;
				GCC_WARN_UNDECLARED_SELECTOR = YES;
				GCC_WARN_UNINITIALIZED_AUTOS = YES_AGGRESSIVE;
				GCC_WARN_UNUSED_FUNCTION = YES;
				GCC_WARN_UNUSED_VARIABLE = YES;
				IPHONEOS_DEPLOYMENT_TARGET = 15.5;
				MTL_ENABLE_DEBUG_INFO = NO;
				MTL_FAST_MATH = YES;
				SDKROOT = iphoneos;
				SWIFT_COMPILATION_MODE = wholemodule;
				SWIFT_OPTIMIZATION_LEVEL = "-O";
				VALIDATE_PRODUCT = YES;
			};
			name = Release;
		};
		EC336EAD29248F5D00520624 /* Debug */ = {
			isa = XCBuildConfiguration;
			baseConfigurationReference = 754C4AF2060ED296A409E9B9 /* Pods-hack_challenge.debug.xcconfig */;
			buildSettings = {
				ASSETCATALOG_COMPILER_APPICON_NAME = AppIcon;
				ASSETCATALOG_COMPILER_GLOBAL_ACCENT_COLOR_NAME = AccentColor;
				CODE_SIGN_STYLE = Automatic;
				CURRENT_PROJECT_VERSION = 1;
				DEVELOPMENT_TEAM = YKVUVTV3PY;
				GENERATE_INFOPLIST_FILE = YES;
				INFOPLIST_FILE = hack_challenge/Info.plist;
				INFOPLIST_KEY_UIApplicationSupportsIndirectInputEvents = YES;
				INFOPLIST_KEY_UILaunchStoryboardName = LaunchScreen;
				INFOPLIST_KEY_UISupportedInterfaceOrientations_iPad = "UIInterfaceOrientationPortrait UIInterfaceOrientationPortraitUpsideDown UIInterfaceOrientationLandscapeLeft UIInterfaceOrientationLandscapeRight";
				INFOPLIST_KEY_UISupportedInterfaceOrientations_iPhone = "UIInterfaceOrientationPortrait UIInterfaceOrientationLandscapeLeft UIInterfaceOrientationLandscapeRight";
				LD_RUNPATH_SEARCH_PATHS = (
					"$(inherited)",
					"@executable_path/Frameworks",
				);
				MARKETING_VERSION = 1.0;
				PRODUCT_BUNDLE_IDENTIFIER = "ect65.hack-challenge";
				PRODUCT_NAME = "$(TARGET_NAME)";
				SWIFT_EMIT_LOC_STRINGS = YES;
				SWIFT_VERSION = 5.0;
				TARGETED_DEVICE_FAMILY = "1,2";
			};
			name = Debug;
		};
		EC336EAE29248F5D00520624 /* Release */ = {
			isa = XCBuildConfiguration;
			baseConfigurationReference = 7EED149C9A87723D975C21FD /* Pods-hack_challenge.release.xcconfig */;
			buildSettings = {
				ASSETCATALOG_COMPILER_APPICON_NAME = AppIcon;
				ASSETCATALOG_COMPILER_GLOBAL_ACCENT_COLOR_NAME = AccentColor;
				CODE_SIGN_STYLE = Automatic;
				CURRENT_PROJECT_VERSION = 1;
				DEVELOPMENT_TEAM = YKVUVTV3PY;
				GENERATE_INFOPLIST_FILE = YES;
				INFOPLIST_FILE = hack_challenge/Info.plist;
				INFOPLIST_KEY_UIApplicationSupportsIndirectInputEvents = YES;
				INFOPLIST_KEY_UILaunchStoryboardName = LaunchScreen;
				INFOPLIST_KEY_UISupportedInterfaceOrientations_iPad = "UIInterfaceOrientationPortrait UIInterfaceOrientationPortraitUpsideDown UIInterfaceOrientationLandscapeLeft UIInterfaceOrientationLandscapeRight";
				INFOPLIST_KEY_UISupportedInterfaceOrientations_iPhone = "UIInterfaceOrientationPortrait UIInterfaceOrientationLandscapeLeft UIInterfaceOrientationLandscapeRight";
				LD_RUNPATH_SEARCH_PATHS = (
					"$(inherited)",
					"@executable_path/Frameworks",
				);
				MARKETING_VERSION = 1.0;
				PRODUCT_BUNDLE_IDENTIFIER = "ect65.hack-challenge";
				PRODUCT_NAME = "$(TARGET_NAME)";
				SWIFT_EMIT_LOC_STRINGS = YES;
				SWIFT_VERSION = 5.0;
				TARGETED_DEVICE_FAMILY = "1,2";
			};
			name = Release;
		};
/* End XCBuildConfiguration section */

/* Begin XCConfigurationList section */
		EC336E9329248F5A00520624 /* Build configuration list for PBXProject "hack_challenge" */ = {
			isa = XCConfigurationList;
			buildConfigurations = (
				EC336EAA29248F5D00520624 /* Debug */,
				EC336EAB29248F5D00520624 /* Release */,
			);
			defaultConfigurationIsVisible = 0;
			defaultConfigurationName = Release;
		};
		EC336EAC29248F5D00520624 /* Build configuration list for PBXNativeTarget "hack_challenge" */ = {
			isa = XCConfigurationList;
			buildConfigurations = (
				EC336EAD29248F5D00520624 /* Debug */,
				EC336EAE29248F5D00520624 /* Release */,
			);
			defaultConfigurationIsVisible = 0;
			defaultConfigurationName = Release;
		};
/* End XCConfigurationList section */
	};
	rootObject = EC336E9029248F5A00520624 /* Project object */;
}
